
Microsoft Visual Studio Solution File, Format Version 12.00
# Visual Studio Version 17
VisualStudioVersion = 17.0.31903.59
MinimumVisualStudioVersion = 10.0.40219.1
Project("{2150E333-8FDC-42A3-9474-1A3956D46DE8}") = "src", "src", "{827E0CD3-B72D-47B6-A68D-7590B98EB39B}"
EndProject
Project("{FAE04EC0-301F-11D3-BF4B-00C04F79EFBC}") = "AgentToolbox.McpServer", "src\AgentToolbox.McpServer\AgentToolbox.McpServer.csproj", "{4279456D-1543-4B4B-9A1E-A0E95AF1C2E4}"
EndProject
Project("{FAE04EC0-301F-11D3-BF4B-00C04F79EFBC}") = "AgentToolbox.Tools", "src\AgentToolbox.Tools\AgentToolbox.Tools.csproj", "{26E21C92-F4DB-44A0-B3FA-601AECAFD654}"
EndProject
Project("{FAE04EC0-301F-11D3-BF4B-00C04F79EFBC}") = "AgentToolbox.Tools.Contracts", "src\AgentToolbox.Tools.Contracts\AgentToolbox.Tools.Contracts.csproj", "{BBF648F5-BBCC-4574-A401-D3CC583B276A}"
EndProject
Project("{FAE04EC0-301F-11D3-BF4B-00C04F79EFBC}") = "AgentToolbox.Client", "src\AgentToolbox.Client\AgentToolbox.Client.csproj", "{07CD148F-B298-484E-94FA-AA2366EA75E3}"
EndProject
Project("{FAE04EC0-301F-11D3-BF4B-00C04F79EFBC}") = "AgentToolbox.Tools.Tests", "tests\AgentToolbox.Tools.Tests\AgentToolbox.Tools.Tests.csproj", "{72364651-7EEA-4216-9F13-27FA21D75F08}"
EndProject
Project("{FAE04EC0-301F-11D3-BF4B-00C04F79EFBC}") = "AgentToolbox.Integration.Tests", "tests\AgentToolbox.Integration.Tests\AgentToolbox.Integration.Tests.csproj", "{C7DE3ED5-5D53-43B8-9FCF-72B44068FA89}"
EndProject
Global
	GlobalSection(SolutionConfigurationPlatforms) = preSolution
		Debug|Any CPU = Debug|Any CPU
		Debug|x64 = Debug|x64
		Debug|x86 = Debug|x86
		Release|Any CPU = Release|Any CPU
		Release|x64 = Release|x64
		Release|x86 = Release|x86
	EndGlobalSection
	GlobalSection(ProjectConfigurationPlatforms) = postSolution
		{4279456D-1543-4B4B-9A1E-A0E95AF1C2E4}.Debug|Any CPU.ActiveCfg = Debug|Any CPU
		{4279456D-1543-4B4B-9A1E-A0E95AF1C2E4}.Debug|Any CPU.Build.0 = Debug|Any CPU
		{4279456D-1543-4B4B-9A1E-A0E95AF1C2E4}.Debug|x64.ActiveCfg = Debug|Any CPU
		{4279456D-1543-4B4B-9A1E-A0E95AF1C2E4}.Debug|x64.Build.0 = Debug|Any CPU
		{4279456D-1543-4B4B-9A1E-A0E95AF1C2E4}.Debug|x86.ActiveCfg = Debug|Any CPU
		{4279456D-1543-4B4B-9A1E-A0E95AF1C2E4}.Debug|x86.Build.0 = Debug|Any CPU
		{4279456D-1543-4B4B-9A1E-A0E95AF1C2E4}.Release|Any CPU.ActiveCfg = Release|Any CPU
		{4279456D-1543-4B4B-9A1E-A0E95AF1C2E4}.Release|Any CPU.Build.0 = Release|Any CPU
		{4279456D-1543-4B4B-9A1E-A0E95AF1C2E4}.Release|x64.ActiveCfg = Release|Any CPU
		{4279456D-1543-4B4B-9A1E-A0E95AF1C2E4}.Release|x64.Build.0 = Release|Any CPU
		{4279456D-1543-4B4B-9A1E-A0E95AF1C2E4}.Release|x86.ActiveCfg = Release|Any CPU
		{4279456D-1543-4B4B-9A1E-A0E95AF1C2E4}.Release|x86.Build.0 = Release|Any CPU
		{26E21C92-F4DB-44A0-B3FA-601AECAFD654}.Debug|Any CPU.ActiveCfg = Debug|Any CPU
		{26E21C92-F4DB-44A0-B3FA-601AECAFD654}.Debug|Any CPU.Build.0 = Debug|Any CPU
		{26E21C92-F4DB-44A0-B3FA-601AECAFD654}.Debug|x64.ActiveCfg = Debug|Any CPU
		{26E21C92-F4DB-44A0-B3FA-601AECAFD654}.Debug|x64.Build.0 = Debug|Any CPU
		{26E21C92-F4DB-44A0-B3FA-601AECAFD654}.Debug|x86.ActiveCfg = Debug|Any CPU
		{26E21C92-F4DB-44A0-B3FA-601AECAFD654}.Debug|x86.Build.0 = Debug|Any CPU
		{26E21C92-F4DB-44A0-B3FA-601AECAFD654}.Release|Any CPU.ActiveCfg = Release|Any CPU
		{26E21C92-F4DB-44A0-B3FA-601AECAFD654}.Release|Any CPU.Build.0 = Release|Any CPU
		{26E21C92-F4DB-44A0-B3FA-601AECAFD654}.Release|x64.ActiveCfg = Release|Any CPU
		{26E21C92-F4DB-44A0-B3FA-601AECAFD654}.Release|x64.Build.0 = Release|Any CPU
		{26E21C92-F4DB-44A0-B3FA-601AECAFD654}.Release|x86.ActiveCfg = Release|Any CPU
		{26E21C92-F4DB-44A0-B3FA-601AECAFD654}.Release|x86.Build.0 = Release|Any CPU
		{BBF648F5-BBCC-4574-A401-D3CC583B276A}.Debug|Any CPU.ActiveCfg = Debug|Any CPU
		{BBF648F5-BBCC-4574-A401-D3CC583B276A}.Debug|Any CPU.Build.0 = Debug|Any CPU
		{BBF648F5-BBCC-4574-A401-D3CC583B276A}.Debug|x64.ActiveCfg = Debug|Any CPU
		{BBF648F5-BBCC-4574-A401-D3CC583B276A}.Debug|x64.Build.0 = Debug|Any CPU
		{BBF648F5-BBCC-4574-A401-D3CC583B276A}.Debug|x86.ActiveCfg = Debug|Any CPU
		{BBF648F5-BBCC-4574-A401-D3CC583B276A}.Debug|x86.Build.0 = Debug|Any CPU
		{BBF648F5-BBCC-4574-A401-D3CC583B276A}.Release|Any CPU.ActiveCfg = Release|Any CPU
		{BBF648F5-BBCC-4574-A401-D3CC583B276A}.Release|Any CPU.Build.0 = Release|Any CPU
		{BBF648F5-BBCC-4574-A401-D3CC583B276A}.Release|x64.ActiveCfg = Release|Any CPU
		{BBF648F5-BBCC-4574-A401-D3CC583B276A}.Release|x64.Build.0 = Release|Any CPU
		{BBF648F5-BBCC-4574-A401-D3CC583B276A}.Release|x86.ActiveCfg = Release|Any CPU
		{BBF648F5-BBCC-4574-A401-D3CC583B276A}.Release|x86.Build.0 = Release|Any CPU
		{07CD148F-B298-484E-94FA-AA2366EA75E3}.Debug|Any CPU.ActiveCfg = Debug|Any CPU
		{07CD148F-B298-484E-94FA-AA2366EA75E3}.Debug|Any CPU.Build.0 = Debug|Any CPU
		{07CD148F-B298-484E-94FA-AA2366EA75E3}.Debug|x64.ActiveCfg = Debug|Any CPU
		{07CD148F-B298-484E-94FA-AA2366EA75E3}.Debug|x64.Build.0 = Debug|Any CPU
		{07CD148F-B298-484E-94FA-AA2366EA75E3}.Debug|x86.ActiveCfg = Debug|Any CPU
		{07CD148F-B298-484E-94FA-AA2366EA75E3}.Debug|x86.Build.0 = Debug|Any CPU
		{07CD148F-B298-484E-94FA-AA2366EA75E3}.Release|Any CPU.ActiveCfg = Release|Any CPU
		{07CD148F-B298-484E-94FA-AA2366EA75E3}.Release|Any CPU.Build.0 = Release|Any CPU
		{07CD148F-B298-484E-94FA-AA2366EA75E3}.Release|x64.ActiveCfg = Release|Any CPU
		{07CD148F-B298-484E-94FA-AA2366EA75E3}.Release|x64.Build.0 = Release|Any CPU
		{07CD148F-B298-484E-94FA-AA2366EA75E3}.Release|x86.ActiveCfg = Release|Any CPU
		{07CD148F-B298-484E-94FA-AA2366EA75E3}.Release|x86.Build.0 = Release|Any CPU
		{72364651-7EEA-4216-9F13-27FA21D75F08}.Debug|Any CPU.ActiveCfg = Debug|Any CPU
		{72364651-7EEA-4216-9F13-27FA21D75F08}.Debug|Any CPU.Build.0 = Debug|Any CPU
		{72364651-7EEA-4216-9F13-27FA21D75F08}.Debug|x64.ActiveCfg = Debug|Any CPU
		{72364651-7EEA-4216-9F13-27FA21D75F08}.Debug|x64.Build.0 = Debug|Any CPU
		{72364651-7EEA-4216-9F13-27FA21D75F08}.Debug|x86.ActiveCfg = Debug|Any CPU
		{72364651-7EEA-4216-9F13-27FA21D75F08}.Debug|x86.Build.0 = Debug|Any CPU
		{72364651-7EEA-4216-9F13-27FA21D75F08}.Release|Any CPU.ActiveCfg = Release|Any CPU
		{72364651-7EEA-4216-9F13-27FA21D75F08}.Release|Any CPU.Build.0 = Release|Any CPU
		{72364651-7EEA-4216-9F13-27FA21D75F08}.Release|x64.ActiveCfg = Release|Any CPU
		{72364651-7EEA-4216-9F13-27FA21D75F08}.Release|x64.Build.0 = Release|Any CPU
		{72364651-7EEA-4216-9F13-27FA21D75F08}.Release|x86.ActiveCfg = Release|Any CPU
		{72364651-7EEA-4216-9F13-27FA21D75F08}.Release|x86.Build.0 = Release|Any CPU
		{C7DE3ED5-5D53-43B8-9FCF-72B44068FA89}.Debug|Any CPU.ActiveCfg = Debug|Any CPU
		{C7DE3ED5-5D53-43B8-9FCF-72B44068FA89}.Debug|Any CPU.Build.0 = Debug|Any CPU
		{C7DE3ED5-5D53-43B8-9FCF-72B44068FA89}.Debug|x64.ActiveCfg = Debug|Any CPU
		{C7DE3ED5-5D53-43B8-9FCF-72B44068FA89}.Debug|x64.Build.0 = Debug|Any CPU
		{C7DE3ED5-5D53-43B8-9FCF-72B44068FA89}.Debug|x86.ActiveCfg = Debug|Any CPU
		{C7DE3ED5-5D53-43B8-9FCF-72B44068FA89}.Debug|x86.Build.0 = Debug|Any CPU
		{C7DE3ED5-5D53-43B8-9FCF-72B44068FA89}.Release|Any CPU.ActiveCfg = Release|Any CPU
		{C7DE3ED5-5D53-43B8-9FCF-72B44068FA89}.Release|Any CPU.Build.0 = Release|Any CPU
		{C7DE3ED5-5D53-43B8-9FCF-72B44068FA89}.Release|x64.ActiveCfg = Release|Any CPU
		{C7DE3ED5-5D53-43B8-9FCF-72B44068FA89}.Release|x64.Build.0 = Release|Any CPU
		{C7DE3ED5-5D53-43B8-9FCF-72B44068FA89}.Release|x86.ActiveCfg = Release|Any CPU
		{C7DE3ED5-5D53-43B8-9FCF-72B44068FA89}.Release|x86.Build.0 = Release|Any CPU
	EndGlobalSection
	GlobalSection(SolutionProperties) = preSolution
		HideSolutionNode = FALSE
	EndGlobalSection
	GlobalSection(NestedProjects) = preSolution
		{4279456D-1543-4B4B-9A1E-A0E95AF1C2E4} = {827E0CD3-B72D-47B6-A68D-7590B98EB39B}
		{26E21C92-F4DB-44A0-B3FA-601AECAFD654} = {827E0CD3-B72D-47B6-A68D-7590B98EB39B}
		{BBF648F5-BBCC-4574-A401-D3CC583B276A} = {827E0CD3-B72D-47B6-A68D-7590B98EB39B}
		{07CD148F-B298-484E-94FA-AA2366EA75E3} = {827E0CD3-B72D-47B6-A68D-7590B98EB39B}
		{72364651-7EEA-4216-9F13-27FA21D75F08} = {827E0CD3-B72D-47B6-A68D-7590B98EB39B}
		{C7DE3ED5-5D53-43B8-9FCF-72B44068FA89} = {827E0CD3-B72D-47B6-A68D-7590B98EB39B}
	EndGlobalSection
EndGlobal
